# This file is autogenerated, do not edit; changes may be undone by the next 'dep ensure'.


[[projects]]
  branch = "master"
  name = "github.com/op/go-logging"
  packages = ["."]
  revision = "970db520ece77730c7e4724c61121037378659d9"

[solve-meta]
  analyzer-name = "dep"
  analyzer-version = 1
  inputs-digest = "8c9c0bf174377596b1d462fa44a3cab15ed2d63a76a6510d6283fc2d164a4732"
  solver-name = "gps-cdcl"
  solver-version = 1
